
Microsoft Visual Studio Solution File, Format Version 12.00
# Visual Studio 2013
VisualStudioVersion = 12.0.30110.0
MinimumVisualStudioVersion = 10.0.40219.1
Project("{2150E333-8FDC-42A3-9474-1A3956D46DE8}") = "Solution Items", "Solution Items", "{4978C9AF-EEF8-4B55-AA22-9C43764792C3}"
	ProjectSection(SolutionItems) = preProject
		..\README.md = ..\README.md
	EndProjectSection
EndProject
Project("{FAE04EC0-301F-11D3-BF4B-00C04F79EFBC}") = "MetroIde", "MetroIde\MetroIde.csproj", "{CF8EA988-3789-48C4-8E2D-BD157A8B1CC4}"
	ProjectSection(ProjectDependencies) = postProject
		{9A7F97F0-B55F-4FD4-B0B3-67DA9D57B6BA} = {9A7F97F0-B55F-4FD4-B0B3-67DA9D57B6BA}
	EndProjectSection
EndProject
Project("{FAE04EC0-301F-11D3-BF4B-00C04F79EFBC}") = "Quickbeam.Low", "Quickbeam.Low\Quickbeam.Low.csproj", "{9A7F97F0-B55F-4FD4-B0B3-67DA9D57B6BA}"
EndProject
Project("{888888A0-9F3D-457C-B088-3A5042F75D52}") = "halolib", "halolib\halolib.pyproj", "{866B667E-E3D5-4F68-B12C-388124DDC6B5}"
EndProject
Project("{FAE04EC0-301F-11D3-BF4B-00C04F79EFBC}") = "IronPythonConsole", "..\vendor\IronPythonConsole\IronPythonConsole\IronPythonConsole.csproj", "{8A19EAA5-44C5-41EC-A908-7F41792CF18B}"
EndProject
Project("{FAE04EC0-301F-11D3-BF4B-00C04F79EFBC}") = "PythonConsoleControl", "..\vendor\IronPythonConsole\PythonConsoleControl\PythonConsoleControl.csproj", "{2A93606C-6E7B-4509-87BB-54CDF20DC64F}"
EndProject
Project("{2150E333-8FDC-42A3-9474-1A3956D46DE8}") = "Repl", "Repl", "{A93D2691-A18E-4EA6-8AA5-F3BC3562C3EA}"
EndProject
Project("{FAE04EC0-301F-11D3-BF4B-00C04F79EFBC}") = "Blamite", "Blamite\Blamite.csproj", "{6B105AB9-84A0-4774-B319-75E9CAB3DB4B}"
EndProject
Project("{FAE04EC0-301F-11D3-BF4B-00C04F79EFBC}") = "Quickbeam", "Quickbeam\Quickbeam.csproj", "{7AA65F6E-CE77-4B93-9CD3-9E266CAC133F}"
EndProject
Global
	GlobalSection(SolutionConfigurationPlatforms) = preSolution
		Debug|Any CPU = Debug|Any CPU
		Debug|Mixed Platforms = Debug|Mixed Platforms
		Debug|x64 = Debug|x64
		Debug|x86 = Debug|x86
		Release|Any CPU = Release|Any CPU
		Release|Mixed Platforms = Release|Mixed Platforms
		Release|x64 = Release|x64
		Release|x86 = Release|x86
	EndGlobalSection
	GlobalSection(ProjectConfigurationPlatforms) = postSolution
		{CF8EA988-3789-48C4-8E2D-BD157A8B1CC4}.Debug|Any CPU.ActiveCfg = Debug|Any CPU
		{CF8EA988-3789-48C4-8E2D-BD157A8B1CC4}.Debug|Any CPU.Build.0 = Debug|Any CPU
		{CF8EA988-3789-48C4-8E2D-BD157A8B1CC4}.Debug|Mixed Platforms.ActiveCfg = Debug|Any CPU
		{CF8EA988-3789-48C4-8E2D-BD157A8B1CC4}.Debug|Mixed Platforms.Build.0 = Debug|Any CPU
		{CF8EA988-3789-48C4-8E2D-BD157A8B1CC4}.Debug|x64.ActiveCfg = Debug|Any CPU
		{CF8EA988-3789-48C4-8E2D-BD157A8B1CC4}.Debug|x86.ActiveCfg = Debug|Any CPU
		{CF8EA988-3789-48C4-8E2D-BD157A8B1CC4}.Release|Any CPU.ActiveCfg = Release|Any CPU
		{CF8EA988-3789-48C4-8E2D-BD157A8B1CC4}.Release|Any CPU.Build.0 = Release|Any CPU
		{CF8EA988-3789-48C4-8E2D-BD157A8B1CC4}.Release|Mixed Platforms.ActiveCfg = Release|Any CPU
		{CF8EA988-3789-48C4-8E2D-BD157A8B1CC4}.Release|Mixed Platforms.Build.0 = Release|Any CPU
		{CF8EA988-3789-48C4-8E2D-BD157A8B1CC4}.Release|x64.ActiveCfg = Release|Any CPU
		{CF8EA988-3789-48C4-8E2D-BD157A8B1CC4}.Release|x86.ActiveCfg = Release|Any CPU
		{9A7F97F0-B55F-4FD4-B0B3-67DA9D57B6BA}.Debug|Any CPU.ActiveCfg = Debug|Any CPU
		{9A7F97F0-B55F-4FD4-B0B3-67DA9D57B6BA}.Debug|Any CPU.Build.0 = Debug|Any CPU
		{9A7F97F0-B55F-4FD4-B0B3-67DA9D57B6BA}.Debug|Mixed Platforms.ActiveCfg = Debug|Any CPU
		{9A7F97F0-B55F-4FD4-B0B3-67DA9D57B6BA}.Debug|Mixed Platforms.Build.0 = Debug|Any CPU
		{9A7F97F0-B55F-4FD4-B0B3-67DA9D57B6BA}.Debug|x64.ActiveCfg = Debug|Any CPU
		{9A7F97F0-B55F-4FD4-B0B3-67DA9D57B6BA}.Debug|x86.ActiveCfg = Debug|Any CPU
		{9A7F97F0-B55F-4FD4-B0B3-67DA9D57B6BA}.Release|Any CPU.ActiveCfg = Release|Any CPU
		{9A7F97F0-B55F-4FD4-B0B3-67DA9D57B6BA}.Release|Any CPU.Build.0 = Release|Any CPU
		{9A7F97F0-B55F-4FD4-B0B3-67DA9D57B6BA}.Release|Mixed Platforms.ActiveCfg = Release|Any CPU
		{9A7F97F0-B55F-4FD4-B0B3-67DA9D57B6BA}.Release|Mixed Platforms.Build.0 = Release|Any CPU
		{9A7F97F0-B55F-4FD4-B0B3-67DA9D57B6BA}.Release|x64.ActiveCfg = Release|Any CPU
		{9A7F97F0-B55F-4FD4-B0B3-67DA9D57B6BA}.Release|x86.ActiveCfg = Release|Any CPU
		{866B667E-E3D5-4F68-B12C-388124DDC6B5}.Debug|Any CPU.ActiveCfg = Debug|Any CPU
		{866B667E-E3D5-4F68-B12C-388124DDC6B5}.Debug|Any CPU.Build.0 = Debug|Any CPU
		{866B667E-E3D5-4F68-B12C-388124DDC6B5}.Debug|Mixed Platforms.ActiveCfg = Debug|Any CPU
		{866B667E-E3D5-4F68-B12C-388124DDC6B5}.Debug|Mixed Platforms.Build.0 = Debug|Any CPU
		{866B667E-E3D5-4F68-B12C-388124DDC6B5}.Debug|x64.ActiveCfg = Debug|Any CPU
		{866B667E-E3D5-4F68-B12C-388124DDC6B5}.Debug|x86.ActiveCfg = Debug|Any CPU
		{866B667E-E3D5-4F68-B12C-388124DDC6B5}.Release|Any CPU.ActiveCfg = Release|Any CPU
		{866B667E-E3D5-4F68-B12C-388124DDC6B5}.Release|Any CPU.Build.0 = Release|Any CPU
		{866B667E-E3D5-4F68-B12C-388124DDC6B5}.Release|Mixed Platforms.ActiveCfg = Release|Any CPU
		{866B667E-E3D5-4F68-B12C-388124DDC6B5}.Release|Mixed Platforms.Build.0 = Release|Any CPU
		{866B667E-E3D5-4F68-B12C-388124DDC6B5}.Release|x64.ActiveCfg = Release|Any CPU
		{866B667E-E3D5-4F68-B12C-388124DDC6B5}.Release|x86.ActiveCfg = Release|Any CPU
		{8A19EAA5-44C5-41EC-A908-7F41792CF18B}.Debug|Any CPU.ActiveCfg = Debug|x86
		{8A19EAA5-44C5-41EC-A908-7F41792CF18B}.Debug|Mixed Platforms.ActiveCfg = Debug|x86
		{8A19EAA5-44C5-41EC-A908-7F41792CF18B}.Debug|Mixed Platforms.Build.0 = Debug|x86
		{8A19EAA5-44C5-41EC-A908-7F41792CF18B}.Debug|x64.ActiveCfg = Debug|x86
		{8A19EAA5-44C5-41EC-A908-7F41792CF18B}.Debug|x86.ActiveCfg = Debug|x86
		{8A19EAA5-44C5-41EC-A908-7F41792CF18B}.Debug|x86.Build.0 = Debug|x86
		{8A19EAA5-44C5-41EC-A908-7F41792CF18B}.Release|Any CPU.ActiveCfg = Release|x86
		{8A19EAA5-44C5-41EC-A908-7F41792CF18B}.Release|Mixed Platforms.ActiveCfg = Release|x86
		{8A19EAA5-44C5-41EC-A908-7F41792CF18B}.Release|Mixed Platforms.Build.0 = Release|x86
		{8A19EAA5-44C5-41EC-A908-7F41792CF18B}.Release|x64.ActiveCfg = Release|x86
		{8A19EAA5-44C5-41EC-A908-7F41792CF18B}.Release|x86.ActiveCfg = Release|x86
		{8A19EAA5-44C5-41EC-A908-7F41792CF18B}.Release|x86.Build.0 = Release|x86
		{2A93606C-6E7B-4509-87BB-54CDF20DC64F}.Debug|Any CPU.ActiveCfg = Debug|Any CPU
		{2A93606C-6E7B-4509-87BB-54CDF20DC64F}.Debug|Any CPU.Build.0 = Debug|Any CPU
		{2A93606C-6E7B-4509-87BB-54CDF20DC64F}.Debug|Mixed Platforms.ActiveCfg = Debug|Any CPU
		{2A93606C-6E7B-4509-87BB-54CDF20DC64F}.Debug|Mixed Platforms.Build.0 = Debug|Any CPU
		{2A93606C-6E7B-4509-87BB-54CDF20DC64F}.Debug|x64.ActiveCfg = Debug|Any CPU
		{2A93606C-6E7B-4509-87BB-54CDF20DC64F}.Debug|x86.ActiveCfg = Debug|Any CPU
		{2A93606C-6E7B-4509-87BB-54CDF20DC64F}.Release|Any CPU.ActiveCfg = Release|Any CPU
		{2A93606C-6E7B-4509-87BB-54CDF20DC64F}.Release|Any CPU.Build.0 = Release|Any CPU
		{2A93606C-6E7B-4509-87BB-54CDF20DC64F}.Release|Mixed Platforms.ActiveCfg = Release|Any CPU
		{2A93606C-6E7B-4509-87BB-54CDF20DC64F}.Release|Mixed Platforms.Build.0 = Release|Any CPU
		{2A93606C-6E7B-4509-87BB-54CDF20DC64F}.Release|x64.ActiveCfg = Release|Any CPU
		{2A93606C-6E7B-4509-87BB-54CDF20DC64F}.Release|x86.ActiveCfg = Release|Any CPU
		{6B105AB9-84A0-4774-B319-75E9CAB3DB4B}.Debug|Any CPU.ActiveCfg = Debug|Any CPU
		{6B105AB9-84A0-4774-B319-75E9CAB3DB4B}.Debug|Any CPU.Build.0 = Debug|Any CPU
		{6B105AB9-84A0-4774-B319-75E9CAB3DB4B}.Debug|Mixed Platforms.ActiveCfg = Debug|x86
		{6B105AB9-84A0-4774-B319-75E9CAB3DB4B}.Debug|Mixed Platforms.Build.0 = Debug|x86
		{6B105AB9-84A0-4774-B319-75E9CAB3DB4B}.Debug|x64.ActiveCfg = Debug|x64
		{6B105AB9-84A0-4774-B319-75E9CAB3DB4B}.Debug|x64.Build.0 = Debug|x64
		{6B105AB9-84A0-4774-B319-75E9CAB3DB4B}.Debug|x86.ActiveCfg = Debug|x86
		{6B105AB9-84A0-4774-B319-75E9CAB3DB4B}.Debug|x86.Build.0 = Debug|x86
		{6B105AB9-84A0-4774-B319-75E9CAB3DB4B}.Release|Any CPU.ActiveCfg = Release|Any CPU
		{6B105AB9-84A0-4774-B319-75E9CAB3DB4B}.Release|Any CPU.Build.0 = Release|Any CPU
		{6B105AB9-84A0-4774-B319-75E9CAB3DB4B}.Release|Mixed Platforms.ActiveCfg = Release|x86
		{6B105AB9-84A0-4774-B319-75E9CAB3DB4B}.Release|Mixed Platforms.Build.0 = Release|x86
		{6B105AB9-84A0-4774-B319-75E9CAB3DB4B}.Release|x64.ActiveCfg = Release|x64
		{6B105AB9-84A0-4774-B319-75E9CAB3DB4B}.Release|x64.Build.0 = Release|x64
		{6B105AB9-84A0-4774-B319-75E9CAB3DB4B}.Release|x86.ActiveCfg = Release|x86
		{6B105AB9-84A0-4774-B319-75E9CAB3DB4B}.Release|x86.Build.0 = Release|x86
		{7AA65F6E-CE77-4B93-9CD3-9E266CAC133F}.Debug|Any CPU.ActiveCfg = Debug|Any CPU
		{7AA65F6E-CE77-4B93-9CD3-9E266CAC133F}.Debug|Any CPU.Build.0 = Debug|Any CPU
		{7AA65F6E-CE77-4B93-9CD3-9E266CAC133F}.Debug|Mixed Platforms.ActiveCfg = Debug|x86
		{7AA65F6E-CE77-4B93-9CD3-9E266CAC133F}.Debug|Mixed Platforms.Build.0 = Debug|x86
		{7AA65F6E-CE77-4B93-9CD3-9E266CAC133F}.Debug|x64.ActiveCfg = Debug|x64
		{7AA65F6E-CE77-4B93-9CD3-9E266CAC133F}.Debug|x64.Build.0 = Debug|x64
		{7AA65F6E-CE77-4B93-9CD3-9E266CAC133F}.Debug|x86.ActiveCfg = Debug|x86
		{7AA65F6E-CE77-4B93-9CD3-9E266CAC133F}.Debug|x86.Build.0 = Debug|x86
		{7AA65F6E-CE77-4B93-9CD3-9E266CAC133F}.Release|Any CPU.ActiveCfg = Release|Any CPU
		{7AA65F6E-CE77-4B93-9CD3-9E266CAC133F}.Release|Any CPU.Build.0 = Release|Any CPU
		{7AA65F6E-CE77-4B93-9CD3-9E266CAC133F}.Release|Mixed Platforms.ActiveCfg = Release|x86
		{7AA65F6E-CE77-4B93-9CD3-9E266CAC133F}.Release|Mixed Platforms.Build.0 = Release|x86
		{7AA65F6E-CE77-4B93-9CD3-9E266CAC133F}.Release|x64.ActiveCfg = Release|x64
		{7AA65F6E-CE77-4B93-9CD3-9E266CAC133F}.Release|x64.Build.0 = Release|x64
		{7AA65F6E-CE77-4B93-9CD3-9E266CAC133F}.Release|x86.ActiveCfg = Release|x86
		{7AA65F6E-CE77-4B93-9CD3-9E266CAC133F}.Release|x86.Build.0 = Release|x86
	EndGlobalSection
	GlobalSection(SolutionProperties) = preSolution
		HideSolutionNode = FALSE
	EndGlobalSection
	GlobalSection(NestedProjects) = preSolution
		{2A93606C-6E7B-4509-87BB-54CDF20DC64F} = {A93D2691-A18E-4EA6-8AA5-F3BC3562C3EA}
		{8A19EAA5-44C5-41EC-A908-7F41792CF18B} = {A93D2691-A18E-4EA6-8AA5-F3BC3562C3EA}
	EndGlobalSection
	GlobalSection(MonoDevelopProperties) = preSolution
		StartupItem = Assembly\Assembly.csproj
		Policies = $0
		$0.DotNetNamingPolicy = $1
		$1.DirectoryNamespaceAssociation = PrefixedHierarchical
		$1.ResourceNamePolicy = MSBuild
		$0.TextStylePolicy = $4
		$2.inheritsSet = null
		$2.scope = text/x-csharp
		$0.CSharpFormattingPolicy = $3
		$3.AnonymousMethodBraceStyle = NextLine
		$3.PropertyBraceStyle = NextLine
		$3.PropertyGetBraceStyle = NextLine
		$3.PropertySetBraceStyle = NextLine
		$3.EventAddBraceStyle = NextLine
		$3.EventRemoveBraceStyle = NextLine
		$3.StatementBraceStyle = NextLine
		$3.ElseNewLinePlacement = NewLine
		$3.ElseIfNewLinePlacement = SameLine
		$3.CatchNewLinePlacement = NewLine
		$3.FinallyNewLinePlacement = NewLine
		$3.WhileNewLinePlacement = NewLine
		$3.BeforeMethodDeclarationParentheses = False
		$3.BeforeMethodCallParentheses = False
		$3.BeforeConstructorDeclarationParentheses = False
		$3.BeforeIndexerDeclarationBracket = False
		$3.BeforeDelegateDeclarationParentheses = False
		$3.AfterDelegateDeclarationParameterComma = True
		$3.NewParentheses = False
		$3.SpacesBeforeBrackets = False
		$3.inheritsSet = Mono
		$3.inheritsScope = text/x-csharp
		$3.scope = text/x-csharp
		$4.FileWidth = 120
		$4.TabsToSpaces = False
		$4.EolMarker = Windows
		$4.inheritsSet = VisualStudio
		$4.inheritsScope = text/plain
		$4.scope = text/plain
		$0.StandardHeader = $5
		$5.Text = 
		$5.IncludeInNewFiles = True
		$0.NameConventionPolicy = $6
		$6.Rules = $7
		$7.NamingRule = $27
		$8.Name = Namespaces
		$8.AffectedEntity = Namespace
		$8.VisibilityMask = VisibilityMask
		$8.NamingStyle = PascalCase
		$8.IncludeInstanceMembers = True
		$8.IncludeStaticEntities = True
		$9.Name = Types
		$9.AffectedEntity = Class, Struct, Enum, Delegate
		$9.VisibilityMask = Public
		$9.NamingStyle = PascalCase
		$9.IncludeInstanceMembers = True
		$9.IncludeStaticEntities = True
		$10.Name = Interfaces
		$10.RequiredPrefixes = $11
		$11.String = I
		$10.AffectedEntity = Interface
		$10.VisibilityMask = Public
		$10.NamingStyle = PascalCase
		$10.IncludeInstanceMembers = True
		$10.IncludeStaticEntities = True
		$12.Name = Attributes
		$12.RequiredSuffixes = $13
		$13.String = Attribute
		$12.AffectedEntity = CustomAttributes
		$12.VisibilityMask = Public
		$12.NamingStyle = PascalCase
		$12.IncludeInstanceMembers = True
		$12.IncludeStaticEntities = True
		$14.Name = Event Arguments
		$14.RequiredSuffixes = $15
		$15.String = EventArgs
		$14.AffectedEntity = CustomEventArgs
		$14.VisibilityMask = Public
		$14.NamingStyle = PascalCase
		$14.IncludeInstanceMembers = True
		$14.IncludeStaticEntities = True
		$16.Name = Exceptions
		$16.RequiredSuffixes = $17
		$17.String = Exception
		$16.AffectedEntity = CustomExceptions
		$16.VisibilityMask = VisibilityMask
		$16.NamingStyle = PascalCase
		$16.IncludeInstanceMembers = True
		$16.IncludeStaticEntities = True
		$18.Name = Methods
		$18.AffectedEntity = Methods
		$18.VisibilityMask = Protected, Public
		$18.NamingStyle = PascalCase
		$18.IncludeInstanceMembers = True
		$18.IncludeStaticEntities = True
		$19.Name = Static Readonly Fields
		$19.AffectedEntity = ReadonlyField
		$19.VisibilityMask = Protected, Public
		$19.NamingStyle = PascalCase
		$19.IncludeInstanceMembers = False
		$19.IncludeStaticEntities = True
		$20.Name = Fields
		$20.AffectedEntity = Field
		$20.VisibilityMask = Protected, Public
		$20.NamingStyle = PascalCase
		$20.IncludeInstanceMembers = True
		$20.IncludeStaticEntities = True
		$21.Name = ReadOnly Fields
		$21.AffectedEntity = ReadonlyField
		$21.VisibilityMask = Protected, Public
		$21.NamingStyle = PascalCase
		$21.IncludeInstanceMembers = True
		$21.IncludeStaticEntities = False
		$22.Name = Constant Fields
		$22.AffectedEntity = ConstantField
		$22.VisibilityMask = Protected, Public
		$22.NamingStyle = PascalCase
		$22.IncludeInstanceMembers = True
		$22.IncludeStaticEntities = True
		$23.Name = Properties
		$23.AffectedEntity = Property
		$23.VisibilityMask = Protected, Public
		$23.NamingStyle = PascalCase
		$23.IncludeInstanceMembers = True
		$23.IncludeStaticEntities = True
		$24.Name = Events
		$24.AffectedEntity = Event
		$24.VisibilityMask = Protected, Public
		$24.NamingStyle = PascalCase
		$24.IncludeInstanceMembers = True
		$24.IncludeStaticEntities = True
		$25.Name = Enum Members
		$25.AffectedEntity = EnumMember
		$25.VisibilityMask = VisibilityMask
		$25.NamingStyle = PascalCase
		$25.IncludeInstanceMembers = True
		$25.IncludeStaticEntities = True
		$26.Name = Parameters
		$26.AffectedEntity = Parameter
		$26.VisibilityMask = VisibilityMask
		$26.NamingStyle = CamelCase
		$26.IncludeInstanceMembers = True
		$26.IncludeStaticEntities = True
		$27.Name = Type Parameters
		$27.RequiredPrefixes = $28
		$28.String = T
		$27.AffectedEntity = TypeParameter
		$27.VisibilityMask = VisibilityMask
		$27.NamingStyle = PascalCase
		$27.IncludeInstanceMembers = True
		$27.IncludeStaticEntities = True
	EndGlobalSection
EndGlobal
